
Microsoft Visual Studio Solution File, Format Version 12.00
# Visual Studio Version 17
VisualStudioVersion = 17.9.34728.123
MinimumVisualStudioVersion = 10.0.40219.1
Project("{9A19103F-16F7-4668-BE54-9A1E7A4F7556}") = "ProgramAPI", "ProgramAPI\ProgramAPI.csproj", "{63AF6965-FE0D-4B62-B6A0-5EC78731ABDC}"
EndProject
Project("{FAE04EC0-301F-11D3-BF4B-00C04F79EFBC}") = "ProgramService", "ProgramService\ProgramService.csproj", "{6ECD78E9-C1E4-40A9-995A-77E747786706}"
EndProject
Project("{FAE04EC0-301F-11D3-BF4B-00C04F79EFBC}") = "ProgramDatabase", "ProgramDatabase\ProgramDatabase.csproj", "{B44FF4D2-DD07-4D2F-9E59-FCE214BABE6E}"
EndProject
Project("{FAE04EC0-301F-11D3-BF4B-00C04F79EFBC}") = "ProgramDto", "ProgramDto\ProgramDto.csproj", "{53C009A9-D5DC-44CB-BF0B-29EDE6DB13C7}"
EndProject
Global
	GlobalSection(SolutionConfigurationPlatforms) = preSolution
		Debug|Any CPU = Debug|Any CPU
		Release|Any CPU = Release|Any CPU
	EndGlobalSection
	GlobalSection(ProjectConfigurationPlatforms) = postSolution
		{63AF6965-FE0D-4B62-B6A0-5EC78731ABDC}.Debug|Any CPU.ActiveCfg = Debug|Any CPU
		{63AF6965-FE0D-4B62-B6A0-5EC78731ABDC}.Debug|Any CPU.Build.0 = Debug|Any CPU
		{63AF6965-FE0D-4B62-B6A0-5EC78731ABDC}.Release|Any CPU.ActiveCfg = Release|Any CPU
		{63AF6965-FE0D-4B62-B6A0-5EC78731ABDC}.Release|Any CPU.Build.0 = Release|Any CPU
		{6ECD78E9-C1E4-40A9-995A-77E747786706}.Debug|Any CPU.ActiveCfg = Debug|Any CPU
		{6ECD78E9-C1E4-40A9-995A-77E747786706}.Debug|Any CPU.Build.0 = Debug|Any CPU
		{6ECD78E9-C1E4-40A9-995A-77E747786706}.Release|Any CPU.ActiveCfg = Release|Any CPU
		{6ECD78E9-C1E4-40A9-995A-77E747786706}.Release|Any CPU.Build.0 = Release|Any CPU
		{B44FF4D2-DD07-4D2F-9E59-FCE214BABE6E}.Debug|Any CPU.ActiveCfg = Debug|Any CPU
		{B44FF4D2-DD07-4D2F-9E59-FCE214BABE6E}.Debug|Any CPU.Build.0 = Debug|Any CPU
		{B44FF4D2-DD07-4D2F-9E59-FCE214BABE6E}.Release|Any CPU.ActiveCfg = Release|Any CPU
		{B44FF4D2-DD07-4D2F-9E59-FCE214BABE6E}.Release|Any CPU.Build.0 = Release|Any CPU
		{53C009A9-D5DC-44CB-BF0B-29EDE6DB13C7}.Debug|Any CPU.ActiveCfg = Debug|Any CPU
		{53C009A9-D5DC-44CB-BF0B-29EDE6DB13C7}.Debug|Any CPU.Build.0 = Debug|Any CPU
		{53C009A9-D5DC-44CB-BF0B-29EDE6DB13C7}.Release|Any CPU.ActiveCfg = Release|Any CPU
		{53C009A9-D5DC-44CB-BF0B-29EDE6DB13C7}.Release|Any CPU.Build.0 = Release|Any CPU
	EndGlobalSection
	GlobalSection(SolutionProperties) = preSolution
		HideSolutionNode = FALSE
	EndGlobalSection
	GlobalSection(ExtensibilityGlobals) = postSolution
		SolutionGuid = {2A2E4128-00AB-4299-A9D7-D4A3FE9CFAF5}
	EndGlobalSection
EndGlobal
